{
    "name": "quiz-game",
    "version": "0.0.1",
    "lockfileVersion": 1,
    "requires": true,
    "dependencies": {
        "bson": {
            "version": "0.1.3",
            "resolved": "https://registry.npmjs.org/bson/-/bson-0.1.3.tgz",
            "integrity": "sha1-yBVDKKOjjYqZ9fEcsRAL978nv1Q="
        },
        "bytes": {
            "version": "0.1.0",
            "resolved": "https://registry.npmjs.org/bytes/-/bytes-0.1.0.tgz",
            "integrity": "sha1-xXSBIigSbWNp0VdpJahXnbP45aI="
        },
        "commander": {
            "version": "0.6.1",
            "resolved": "https://registry.npmjs.org/commander/-/commander-0.6.1.tgz",
            "integrity": "sha1-+mihT2qUXVTbvlDYzbMyDp47GgY="
        },
        "connect": {
            "version": "2.4.4",
            "resolved": "https://registry.npmjs.org/connect/-/connect-2.4.4.tgz",
            "integrity": "sha1-gDEgG3Dn9BuYinXEyUd3B5xExw8=",
            "requires": {
                "bytes": "0.1.0",
                "cookie": "0.0.4",
                "crc": "0.2.0",
                "debug": "*",
                "formidable": "1.0.11",
                "fresh": "0.1.0",
                "pause": "0.0.1",
                "qs": "0.4.2",
                "send": "0.0.4"
            }
        },
        "cookie": {
            "version": "0.0.4",
            "resolved": "https://registry.npmjs.org/cookie/-/cookie-0.0.4.tgz",
            "integrity": "sha1-VFa9R67iZm6sl26oCmEFlASD/pg="
        },
        "crc": {
            "version": "0.2.0",
            "resolved": "https://registry.npmjs.org/crc/-/crc-0.2.0.tgz",
            "integrity": "sha1-9Ehrm/ChLfg8P8oU4x4DD9q9lFQ="
        },
        "debug": {
            "version": "0.7.0",
            "resolved": "https://registry.npmjs.org/debug/-/debug-0.7.0.tgz",
            "integrity": "sha1-9b4F7AQ0yZLXmUDlCyaVz7LgGwg="
        },
        "express": {
            "version": "3.0.0-rc4",
            "requires": {
                "commander": "0.6.1",
                "connect": "2.4.4",
                "cookie": "0.0.4",
                "crc": "0.2.0",
                "debug": "*",
                "fresh": "0.1.0",
                "methods": "0.0.1",
                "mkdirp": "0.3.3",
                "range-parser": "0.0.4",
                "send": "0.0.4"
            }
        },
        "formidable": {
            "version": "1.0.11",
            "resolved": "https://registry.npmjs.org/formidable/-/formidable-1.0.11.tgz",
            "integrity": "sha1-aPYzJaA15kS297s9ESQ7l2HeGzA="
        },
        "fresh": {
            "version": "0.1.0",
            "resolved": "https://registry.npmjs.org/fresh/-/fresh-0.1.0.tgz",
            "integrity": "sha1-A+SwF4Qk5MLV0ZpU2IFM3JeTSFA="
        },
        "hooks": {
            "version": "0.2.1",
            "resolved": "https://registry.npmjs.org/hooks/-/hooks-0.2.1.tgz",
            "integrity": "sha1-D1kbGzRL3LPfWXc/Yvu6+Fv0Aos="
        },
        "jade": {
            "version": "0.27.3",
            "requires": {
                "commander": "0.6.1",
                "mkdirp": "0.3.x"
            },
            "dependencies": {
                "commander": {
                    "version": "0.6.1",
                    "resolved": "https://registry.npmjs.org/commander/-/commander-0.6.1.tgz",
                    "integrity": "sha1-+mihT2qUXVTbvlDYzbMyDp47GgY="
                },
                "mkdirp": {
                    "version": "0.3.4",
                    "resolved": "https://registry.npmjs.org/mkdirp/-/mkdirp-0.3.4.tgz",
                    "integrity": "sha1-+MgdITtymaAx8ZOlfXUqF9L2x9g="
                }
            }
        },
        "methods": {
            "version": "0.0.1",
            "resolved": "https://registry.npmjs.org/methods/-/methods-0.0.1.tgz",
            "integrity": "sha1-J3yQ+L7zlwlkWoNxxRw7bGSOBow="
        },
        "mime": {
            "version": "1.2.6",
            "resolved": "https://registry.npmjs.org/mime/-/mime-1.2.6.tgz",
            "integrity": "sha1-sfhsdowCX6h7SAdfFwnyiuryA2U="
        },
        "mkdirp": {
            "version": "0.3.3",
            "resolved": "https://registry.npmjs.org/mkdirp/-/mkdirp-0.3.3.tgz",
            "integrity": "sha1-WV4lHBNww6aLqyE20ONIuBBa3xM="
        },
        "mongodb": {
            "version": "1.1.7",
            "resolved": "https://registry.npmjs.org/mongodb/-/mongodb-1.1.7.tgz",
            "integrity": "sha1-H5Rt+czgy/sg1O9Oc9GUkbjPK3I=",
            "requires": {
                "bson": "0.1.3"
            }
        },
        "mongoose": {
            "version": "3.1.2",
            "requires": {
                "hooks": "0.2.1",
                "mongodb": "1.1.7",
                "ms": "0.1.0"
            }
        },
        "ms": {
            "version": "0.1.0",
            "resolved": "https://registry.npmjs.org/ms/-/ms-0.1.0.tgz",
            "integrity": "sha1-8h+sSQ2vHXZn/RgP6QdzicyUQrI="
        },
        "pause": {
            "version": "0.0.1",
            "resolved": "https://registry.npmjs.org/pause/-/pause-0.0.1.tgz",
            "integrity": "sha1-HUCLP9t2kjuVQ9lvtMnf1TXZy10="
        },
        "qs": {
            "version": "0.4.2",
            "resolved": "https://registry.npmjs.org/qs/-/qs-0.4.2.tgz",
            "integrity": "sha1-PKxMhh43GoycR3CsI82o3mObjl8="
        },
        "range-parser": {
            "version": "0.0.4",
            "resolved": "https://registry.npmjs.org/range-parser/-/range-parser-0.0.4.tgz",
            "integrity": "sha1-wEJ//vUcEKy6B4KkbJYC50T/Ygs="
        },
        "send": {
            "version": "0.0.4",
            "resolved": "https://registry.npmjs.org/send/-/send-0.0.4.tgz",
            "integrity": "sha1-LUz3mxifzQlhDhMCUQrJsOTd6AA=",
            "requires": {
                "debug": "*",
                "fresh": "0.1.0",
                "mime": "1.2.6",
                "range-parser": "0.0.4"
            }
        },
        "start": {
            "version": "5.1.0",
            "resolved": "https://registry.npmjs.org/start/-/start-5.1.0.tgz",
            "integrity": "sha1-HBcfDvlIf1bQq5p1Ws6GAWkgh2M="
        }
    }
}
